
Microsoft Visual Studio Solution File, Format Version 12.00
# Visual Studio 15
VisualStudioVersion = 15.0.27703.1
MinimumVisualStudioVersion = 10.0.40219.1
Project("{6EC3EE1D-3C4E-46DD-8F32-0CC8E7565705}") = "NBomber", "src\NBomber\NBomber.fsproj", "{52208047-4228-4289-B5AE-D1FC57898DE6}"
EndProject
Project("{2150E333-8FDC-42A3-9474-1A3956D46DE8}") = "examples", "examples", "{C66E0C71-BA9C-4906-AA96-E55DD302313A}"
EndProject
Project("{9A19103F-16F7-4668-BE54-9A1E7A4F7556}") = "NBomber.Examples.CSharp", "examples\NBomber.Examples.CSharp\NBomber.Examples.CSharp.csproj", "{73C44576-78DA-4E63-85B7-7702E1FC9063}"
EndProject
Project("{F2A71F9B-5D33-465A-A702-920D77279786}") = "NBomber.Examples.FSharp", "examples\NBomber.Examples.FSharp\NBomber.Examples.FSharp.fsproj", "{61982D59-70A0-4B07-AD21-1A2857FDA95C}"
EndProject
Project("{F2A71F9B-5D33-465A-A702-920D77279786}") = "NBomber.Examples.FSharp.XUnit", "examples\NBomber.Examples.FSharp.XUnit\NBomber.Examples.FSharp.XUnit.fsproj", "{E79DAB73-4341-4632-9954-373FAE0F9F53}"
EndProject
Project("{FAE04EC0-301F-11D3-BF4B-00C04F79EFBC}") = "NBomber.Examples.CSharp.NUnit", "examples\NBomber.Examples.CSharp.NUnit\NBomber.Examples.CSharp.NUnit.csproj", "{4798BC2E-AA99-42C5-B40B-841BADC4A1AF}"
EndProject
Global
	GlobalSection(SolutionConfigurationPlatforms) = preSolution
		Debug|Any CPU = Debug|Any CPU
		Release|Any CPU = Release|Any CPU
		Debug|x64 = Debug|x64
		Debug|x86 = Debug|x86
		Release|x64 = Release|x64
		Release|x86 = Release|x86
	EndGlobalSection
	GlobalSection(ProjectConfigurationPlatforms) = postSolution
		{52208047-4228-4289-B5AE-D1FC57898DE6}.Debug|Any CPU.ActiveCfg = Debug|Any CPU
		{52208047-4228-4289-B5AE-D1FC57898DE6}.Debug|Any CPU.Build.0 = Debug|Any CPU
		{52208047-4228-4289-B5AE-D1FC57898DE6}.Release|Any CPU.ActiveCfg = Release|Any CPU
		{52208047-4228-4289-B5AE-D1FC57898DE6}.Release|Any CPU.Build.0 = Release|Any CPU
		{73C44576-78DA-4E63-85B7-7702E1FC9063}.Debug|Any CPU.ActiveCfg = Debug|Any CPU
		{73C44576-78DA-4E63-85B7-7702E1FC9063}.Debug|Any CPU.Build.0 = Debug|Any CPU
		{73C44576-78DA-4E63-85B7-7702E1FC9063}.Release|Any CPU.ActiveCfg = Release|Any CPU
		{73C44576-78DA-4E63-85B7-7702E1FC9063}.Release|Any CPU.Build.0 = Release|Any CPU
		{61982D59-70A0-4B07-AD21-1A2857FDA95C}.Debug|Any CPU.ActiveCfg = Debug|Any CPU
		{61982D59-70A0-4B07-AD21-1A2857FDA95C}.Debug|Any CPU.Build.0 = Debug|Any CPU
		{61982D59-70A0-4B07-AD21-1A2857FDA95C}.Release|Any CPU.ActiveCfg = Release|Any CPU
		{61982D59-70A0-4B07-AD21-1A2857FDA95C}.Release|Any CPU.Build.0 = Release|Any CPU
		{E79DAB73-4341-4632-9954-373FAE0F9F53}.Debug|Any CPU.ActiveCfg = Debug|Any CPU
		{E79DAB73-4341-4632-9954-373FAE0F9F53}.Debug|Any CPU.Build.0 = Debug|Any CPU
		{E79DAB73-4341-4632-9954-373FAE0F9F53}.Release|Any CPU.ActiveCfg = Release|Any CPU
		{E79DAB73-4341-4632-9954-373FAE0F9F53}.Release|Any CPU.Build.0 = Release|Any CPU
		{E79DAB73-4341-4632-9954-373FAE0F9F53}.Debug|x64.ActiveCfg = Debug|Any CPU
		{E79DAB73-4341-4632-9954-373FAE0F9F53}.Debug|x64.Build.0 = Debug|Any CPU
		{E79DAB73-4341-4632-9954-373FAE0F9F53}.Debug|x86.ActiveCfg = Debug|Any CPU
		{E79DAB73-4341-4632-9954-373FAE0F9F53}.Debug|x86.Build.0 = Debug|Any CPU
		{E79DAB73-4341-4632-9954-373FAE0F9F53}.Release|x64.ActiveCfg = Release|Any CPU
		{E79DAB73-4341-4632-9954-373FAE0F9F53}.Release|x64.Build.0 = Release|Any CPU
		{E79DAB73-4341-4632-9954-373FAE0F9F53}.Release|x86.ActiveCfg = Release|Any CPU
		{E79DAB73-4341-4632-9954-373FAE0F9F53}.Release|x86.Build.0 = Release|Any CPU
		{4798BC2E-AA99-42C5-B40B-841BADC4A1AF}.Debug|Any CPU.ActiveCfg = Debug|Any CPU
		{4798BC2E-AA99-42C5-B40B-841BADC4A1AF}.Debug|Any CPU.Build.0 = Debug|Any CPU
		{4798BC2E-AA99-42C5-B40B-841BADC4A1AF}.Release|Any CPU.ActiveCfg = Release|Any CPU
		{4798BC2E-AA99-42C5-B40B-841BADC4A1AF}.Release|Any CPU.Build.0 = Release|Any CPU
		{4798BC2E-AA99-42C5-B40B-841BADC4A1AF}.Debug|x64.ActiveCfg = Debug|Any CPU
		{4798BC2E-AA99-42C5-B40B-841BADC4A1AF}.Debug|x64.Build.0 = Debug|Any CPU
		{4798BC2E-AA99-42C5-B40B-841BADC4A1AF}.Debug|x86.ActiveCfg = Debug|Any CPU
		{4798BC2E-AA99-42C5-B40B-841BADC4A1AF}.Debug|x86.Build.0 = Debug|Any CPU
		{4798BC2E-AA99-42C5-B40B-841BADC4A1AF}.Release|x64.ActiveCfg = Release|Any CPU
		{4798BC2E-AA99-42C5-B40B-841BADC4A1AF}.Release|x64.Build.0 = Release|Any CPU
		{4798BC2E-AA99-42C5-B40B-841BADC4A1AF}.Release|x86.ActiveCfg = Release|Any CPU
		{4798BC2E-AA99-42C5-B40B-841BADC4A1AF}.Release|x86.Build.0 = Release|Any CPU
	EndGlobalSection
	GlobalSection(SolutionProperties) = preSolution
		HideSolutionNode = FALSE
	EndGlobalSection
	GlobalSection(NestedProjects) = preSolution
		{73C44576-78DA-4E63-85B7-7702E1FC9063} = {C66E0C71-BA9C-4906-AA96-E55DD302313A}
		{61982D59-70A0-4B07-AD21-1A2857FDA95C} = {C66E0C71-BA9C-4906-AA96-E55DD302313A}
		{E79DAB73-4341-4632-9954-373FAE0F9F53} = {C66E0C71-BA9C-4906-AA96-E55DD302313A}
		{4798BC2E-AA99-42C5-B40B-841BADC4A1AF} = {C66E0C71-BA9C-4906-AA96-E55DD302313A}
	EndGlobalSection
	GlobalSection(ExtensibilityGlobals) = postSolution
		SolutionGuid = {C7E9329B-84FE-436E-8A44-26D8176C5C6F}
	EndGlobalSection
EndGlobal
