Microsoft Visual Studio Solution File, Format Version 12.00
# Visual Studio 15
VisualStudioVersion = 15.0.27703.1
MinimumVisualStudioVersion = 10.0.40219.1
Project("{6EC3EE1D-3C4E-46DD-8F32-0CC8E7565705}") = "NBomber", "src\NBomber\NBomber.fsproj", "{52208047-4228-4289-B5AE-D1FC57898DE6}"
EndProject
Project("{2150E333-8FDC-42A3-9474-1A3956D46DE8}") = "examples", "examples", "{C66E0C71-BA9C-4906-AA96-E55DD302313A}"
EndProject
Project("{2150E333-8FDC-42A3-9474-1A3956D46DE8}") = "FSharp", "FSharp", "{ACCA22D4-543E-41FC-892D-D3BC1554F29F}"
EndProject
Project("{2150E333-8FDC-42A3-9474-1A3956D46DE8}") = "CSharp", "CSharp", "{7185E0FE-4618-4401-94EB-225C11FB001E}"
EndProject
Project("{6EC3EE1D-3C4E-46DD-8F32-0CC8E7565705}") = "NBomber.IntegrationTests", "tests\NBomber.IntegrationTests\NBomber.IntegrationTests.fsproj", "{1CD9AA0E-5EF7-45E9-8987-4A6279DC2693}"
EndProject
Project("{2150E333-8FDC-42A3-9474-1A3956D46DE8}") = "Infra", "Infra", "{217FB7D6-EA9C-4472-98D1-65C4F0A7C634}"
	ProjectSection(SolutionItems) = preProject
		examples\Infra\docker-compose.yml = examples\Infra\docker-compose.yml
	EndProjectSection
EndProject
Project("{9A19103F-16F7-4668-BE54-9A1E7A4F7556}") = "TestServer", "examples\Infra\TestServer\TestServer.csproj", "{77F0C21E-24A3-4C89-920A-3A0F230990C0}"
EndProject
Project("{9A19103F-16F7-4668-BE54-9A1E7A4F7556}") = "CSharp.Examples", "examples\CSharp\CSharp.Examples\CSharp.Examples.csproj", "{730FAEE5-2824-46AF-B3FC-55064440C951}"
EndProject
Project("{9A19103F-16F7-4668-BE54-9A1E7A4F7556}") = "CSharp.Examples.NUnit", "examples\CSharp\CSharp.Examples.NUnit\CSharp.Examples.NUnit.csproj", "{A4CDE309-39A5-424A-B96D-C7CA8363C54D}"
EndProject
Project("{6EC3EE1D-3C4E-46DD-8F32-0CC8E7565705}") = "FSharp.Examples", "examples\FSharp\FSharp.Examples\FSharp.Examples.fsproj", "{2E505DBA-CA84-4EDC-B66F-B2E7AFC2B0D1}"
EndProject
Project("{6EC3EE1D-3C4E-46DD-8F32-0CC8E7565705}") = "FSharp.Examples.XUnit", "examples\FSharp\FSharp.Examples.XUnit\FSharp.Examples.XUnit.fsproj", "{8AB69D95-B11C-43DD-A27A-9DD7CDBA06DD}"
EndProject
Project("{6EC3EE1D-3C4E-46DD-8F32-0CC8E7565705}") = "FSharp.Examples.Expecto", "examples\FSharp\FSharp.Examples.Expecto\FSharp.Examples.Expecto.fsproj", "{E66B88C5-2D92-479F-B719-0B3631F8C7DA}"
EndProject
Project("{FAE04EC0-301F-11D3-BF4B-00C04F79EFBC}") = "CSharp.Examples.Cluster", "examples\CSharp\CSharp.Examples.Cluster\CSharp.Examples.Cluster.csproj", "{0B7CF9E3-57CE-4CA8-963E-50FE3512A64F}"
EndProject
Global
	GlobalSection(SolutionConfigurationPlatforms) = preSolution
		Debug|Any CPU = Debug|Any CPU
		Debug|x64 = Debug|x64
		Debug|x86 = Debug|x86
		Release|Any CPU = Release|Any CPU
		Release|x64 = Release|x64
		Release|x86 = Release|x86
	EndGlobalSection
	GlobalSection(ProjectConfigurationPlatforms) = postSolution
		{52208047-4228-4289-B5AE-D1FC57898DE6}.Debug|Any CPU.ActiveCfg = Debug|Any CPU
		{52208047-4228-4289-B5AE-D1FC57898DE6}.Debug|Any CPU.Build.0 = Debug|Any CPU
		{52208047-4228-4289-B5AE-D1FC57898DE6}.Debug|x64.ActiveCfg = Debug|Any CPU
		{52208047-4228-4289-B5AE-D1FC57898DE6}.Debug|x64.Build.0 = Debug|Any CPU
		{52208047-4228-4289-B5AE-D1FC57898DE6}.Debug|x86.ActiveCfg = Debug|Any CPU
		{52208047-4228-4289-B5AE-D1FC57898DE6}.Debug|x86.Build.0 = Debug|Any CPU
		{52208047-4228-4289-B5AE-D1FC57898DE6}.Release|Any CPU.ActiveCfg = Release|Any CPU
		{52208047-4228-4289-B5AE-D1FC57898DE6}.Release|Any CPU.Build.0 = Release|Any CPU
		{52208047-4228-4289-B5AE-D1FC57898DE6}.Release|x64.ActiveCfg = Release|Any CPU
		{52208047-4228-4289-B5AE-D1FC57898DE6}.Release|x64.Build.0 = Release|Any CPU
		{52208047-4228-4289-B5AE-D1FC57898DE6}.Release|x86.ActiveCfg = Release|Any CPU
		{52208047-4228-4289-B5AE-D1FC57898DE6}.Release|x86.Build.0 = Release|Any CPU
		{1CD9AA0E-5EF7-45E9-8987-4A6279DC2693}.Debug|Any CPU.ActiveCfg = Debug|Any CPU
		{1CD9AA0E-5EF7-45E9-8987-4A6279DC2693}.Debug|Any CPU.Build.0 = Debug|Any CPU
		{1CD9AA0E-5EF7-45E9-8987-4A6279DC2693}.Debug|x64.ActiveCfg = Debug|Any CPU
		{1CD9AA0E-5EF7-45E9-8987-4A6279DC2693}.Debug|x64.Build.0 = Debug|Any CPU
		{1CD9AA0E-5EF7-45E9-8987-4A6279DC2693}.Debug|x86.ActiveCfg = Debug|Any CPU
		{1CD9AA0E-5EF7-45E9-8987-4A6279DC2693}.Debug|x86.Build.0 = Debug|Any CPU
		{1CD9AA0E-5EF7-45E9-8987-4A6279DC2693}.Release|Any CPU.ActiveCfg = Release|Any CPU
		{1CD9AA0E-5EF7-45E9-8987-4A6279DC2693}.Release|Any CPU.Build.0 = Release|Any CPU
		{1CD9AA0E-5EF7-45E9-8987-4A6279DC2693}.Release|x64.ActiveCfg = Release|Any CPU
		{1CD9AA0E-5EF7-45E9-8987-4A6279DC2693}.Release|x64.Build.0 = Release|Any CPU
		{1CD9AA0E-5EF7-45E9-8987-4A6279DC2693}.Release|x86.ActiveCfg = Release|Any CPU
		{1CD9AA0E-5EF7-45E9-8987-4A6279DC2693}.Release|x86.Build.0 = Release|Any CPU
		{77F0C21E-24A3-4C89-920A-3A0F230990C0}.Debug|Any CPU.ActiveCfg = Debug|Any CPU
		{77F0C21E-24A3-4C89-920A-3A0F230990C0}.Debug|Any CPU.Build.0 = Debug|Any CPU
		{77F0C21E-24A3-4C89-920A-3A0F230990C0}.Debug|x64.ActiveCfg = Debug|Any CPU
		{77F0C21E-24A3-4C89-920A-3A0F230990C0}.Debug|x64.Build.0 = Debug|Any CPU
		{77F0C21E-24A3-4C89-920A-3A0F230990C0}.Debug|x86.ActiveCfg = Debug|Any CPU
		{77F0C21E-24A3-4C89-920A-3A0F230990C0}.Debug|x86.Build.0 = Debug|Any CPU
		{77F0C21E-24A3-4C89-920A-3A0F230990C0}.Release|Any CPU.ActiveCfg = Release|Any CPU
		{77F0C21E-24A3-4C89-920A-3A0F230990C0}.Release|Any CPU.Build.0 = Release|Any CPU
		{77F0C21E-24A3-4C89-920A-3A0F230990C0}.Release|x64.ActiveCfg = Release|Any CPU
		{77F0C21E-24A3-4C89-920A-3A0F230990C0}.Release|x64.Build.0 = Release|Any CPU
		{77F0C21E-24A3-4C89-920A-3A0F230990C0}.Release|x86.ActiveCfg = Release|Any CPU
		{77F0C21E-24A3-4C89-920A-3A0F230990C0}.Release|x86.Build.0 = Release|Any CPU
		{730FAEE5-2824-46AF-B3FC-55064440C951}.Debug|Any CPU.ActiveCfg = Debug|Any CPU
		{730FAEE5-2824-46AF-B3FC-55064440C951}.Debug|Any CPU.Build.0 = Debug|Any CPU
		{730FAEE5-2824-46AF-B3FC-55064440C951}.Debug|x64.ActiveCfg = Debug|Any CPU
		{730FAEE5-2824-46AF-B3FC-55064440C951}.Debug|x64.Build.0 = Debug|Any CPU
		{730FAEE5-2824-46AF-B3FC-55064440C951}.Debug|x86.ActiveCfg = Debug|Any CPU
		{730FAEE5-2824-46AF-B3FC-55064440C951}.Debug|x86.Build.0 = Debug|Any CPU
		{730FAEE5-2824-46AF-B3FC-55064440C951}.Release|Any CPU.ActiveCfg = Release|Any CPU
		{730FAEE5-2824-46AF-B3FC-55064440C951}.Release|Any CPU.Build.0 = Release|Any CPU
		{730FAEE5-2824-46AF-B3FC-55064440C951}.Release|x64.ActiveCfg = Release|Any CPU
		{730FAEE5-2824-46AF-B3FC-55064440C951}.Release|x64.Build.0 = Release|Any CPU
		{730FAEE5-2824-46AF-B3FC-55064440C951}.Release|x86.ActiveCfg = Release|Any CPU
		{730FAEE5-2824-46AF-B3FC-55064440C951}.Release|x86.Build.0 = Release|Any CPU
		{A4CDE309-39A5-424A-B96D-C7CA8363C54D}.Debug|Any CPU.ActiveCfg = Debug|Any CPU
		{A4CDE309-39A5-424A-B96D-C7CA8363C54D}.Debug|Any CPU.Build.0 = Debug|Any CPU
		{A4CDE309-39A5-424A-B96D-C7CA8363C54D}.Debug|x64.ActiveCfg = Debug|Any CPU
		{A4CDE309-39A5-424A-B96D-C7CA8363C54D}.Debug|x64.Build.0 = Debug|Any CPU
		{A4CDE309-39A5-424A-B96D-C7CA8363C54D}.Debug|x86.ActiveCfg = Debug|Any CPU
		{A4CDE309-39A5-424A-B96D-C7CA8363C54D}.Debug|x86.Build.0 = Debug|Any CPU
		{A4CDE309-39A5-424A-B96D-C7CA8363C54D}.Release|Any CPU.ActiveCfg = Release|Any CPU
		{A4CDE309-39A5-424A-B96D-C7CA8363C54D}.Release|Any CPU.Build.0 = Release|Any CPU
		{A4CDE309-39A5-424A-B96D-C7CA8363C54D}.Release|x64.ActiveCfg = Release|Any CPU
		{A4CDE309-39A5-424A-B96D-C7CA8363C54D}.Release|x64.Build.0 = Release|Any CPU
		{A4CDE309-39A5-424A-B96D-C7CA8363C54D}.Release|x86.ActiveCfg = Release|Any CPU
		{A4CDE309-39A5-424A-B96D-C7CA8363C54D}.Release|x86.Build.0 = Release|Any CPU
		{2E505DBA-CA84-4EDC-B66F-B2E7AFC2B0D1}.Debug|Any CPU.ActiveCfg = Debug|Any CPU
		{2E505DBA-CA84-4EDC-B66F-B2E7AFC2B0D1}.Debug|Any CPU.Build.0 = Debug|Any CPU
		{2E505DBA-CA84-4EDC-B66F-B2E7AFC2B0D1}.Debug|x64.ActiveCfg = Debug|Any CPU
		{2E505DBA-CA84-4EDC-B66F-B2E7AFC2B0D1}.Debug|x64.Build.0 = Debug|Any CPU
		{2E505DBA-CA84-4EDC-B66F-B2E7AFC2B0D1}.Debug|x86.ActiveCfg = Debug|Any CPU
		{2E505DBA-CA84-4EDC-B66F-B2E7AFC2B0D1}.Debug|x86.Build.0 = Debug|Any CPU
		{2E505DBA-CA84-4EDC-B66F-B2E7AFC2B0D1}.Release|Any CPU.ActiveCfg = Release|Any CPU
		{2E505DBA-CA84-4EDC-B66F-B2E7AFC2B0D1}.Release|Any CPU.Build.0 = Release|Any CPU
		{2E505DBA-CA84-4EDC-B66F-B2E7AFC2B0D1}.Release|x64.ActiveCfg = Release|Any CPU
		{2E505DBA-CA84-4EDC-B66F-B2E7AFC2B0D1}.Release|x64.Build.0 = Release|Any CPU
		{2E505DBA-CA84-4EDC-B66F-B2E7AFC2B0D1}.Release|x86.ActiveCfg = Release|Any CPU
		{2E505DBA-CA84-4EDC-B66F-B2E7AFC2B0D1}.Release|x86.Build.0 = Release|Any CPU
		{8AB69D95-B11C-43DD-A27A-9DD7CDBA06DD}.Debug|Any CPU.ActiveCfg = Debug|Any CPU
		{8AB69D95-B11C-43DD-A27A-9DD7CDBA06DD}.Debug|Any CPU.Build.0 = Debug|Any CPU
		{8AB69D95-B11C-43DD-A27A-9DD7CDBA06DD}.Debug|x64.ActiveCfg = Debug|Any CPU
		{8AB69D95-B11C-43DD-A27A-9DD7CDBA06DD}.Debug|x64.Build.0 = Debug|Any CPU
		{8AB69D95-B11C-43DD-A27A-9DD7CDBA06DD}.Debug|x86.ActiveCfg = Debug|Any CPU
		{8AB69D95-B11C-43DD-A27A-9DD7CDBA06DD}.Debug|x86.Build.0 = Debug|Any CPU
		{8AB69D95-B11C-43DD-A27A-9DD7CDBA06DD}.Release|Any CPU.ActiveCfg = Release|Any CPU
		{8AB69D95-B11C-43DD-A27A-9DD7CDBA06DD}.Release|Any CPU.Build.0 = Release|Any CPU
		{8AB69D95-B11C-43DD-A27A-9DD7CDBA06DD}.Release|x64.ActiveCfg = Release|Any CPU
		{8AB69D95-B11C-43DD-A27A-9DD7CDBA06DD}.Release|x64.Build.0 = Release|Any CPU
		{8AB69D95-B11C-43DD-A27A-9DD7CDBA06DD}.Release|x86.ActiveCfg = Release|Any CPU
		{8AB69D95-B11C-43DD-A27A-9DD7CDBA06DD}.Release|x86.Build.0 = Release|Any CPU
		{E66B88C5-2D92-479F-B719-0B3631F8C7DA}.Debug|Any CPU.ActiveCfg = Debug|Any CPU
		{E66B88C5-2D92-479F-B719-0B3631F8C7DA}.Debug|Any CPU.Build.0 = Debug|Any CPU
		{E66B88C5-2D92-479F-B719-0B3631F8C7DA}.Debug|x64.ActiveCfg = Debug|Any CPU
		{E66B88C5-2D92-479F-B719-0B3631F8C7DA}.Debug|x64.Build.0 = Debug|Any CPU
		{E66B88C5-2D92-479F-B719-0B3631F8C7DA}.Debug|x86.ActiveCfg = Debug|Any CPU
		{E66B88C5-2D92-479F-B719-0B3631F8C7DA}.Debug|x86.Build.0 = Debug|Any CPU
		{E66B88C5-2D92-479F-B719-0B3631F8C7DA}.Release|Any CPU.ActiveCfg = Release|Any CPU
		{E66B88C5-2D92-479F-B719-0B3631F8C7DA}.Release|Any CPU.Build.0 = Release|Any CPU
		{E66B88C5-2D92-479F-B719-0B3631F8C7DA}.Release|x64.ActiveCfg = Release|Any CPU
		{E66B88C5-2D92-479F-B719-0B3631F8C7DA}.Release|x64.Build.0 = Release|Any CPU
		{E66B88C5-2D92-479F-B719-0B3631F8C7DA}.Release|x86.ActiveCfg = Release|Any CPU
		{E66B88C5-2D92-479F-B719-0B3631F8C7DA}.Release|x86.Build.0 = Release|Any CPU
		{0B7CF9E3-57CE-4CA8-963E-50FE3512A64F}.Debug|Any CPU.ActiveCfg = Debug|Any CPU
		{0B7CF9E3-57CE-4CA8-963E-50FE3512A64F}.Debug|Any CPU.Build.0 = Debug|Any CPU
		{0B7CF9E3-57CE-4CA8-963E-50FE3512A64F}.Debug|x64.ActiveCfg = Debug|Any CPU
		{0B7CF9E3-57CE-4CA8-963E-50FE3512A64F}.Debug|x64.Build.0 = Debug|Any CPU
		{0B7CF9E3-57CE-4CA8-963E-50FE3512A64F}.Debug|x86.ActiveCfg = Debug|Any CPU
		{0B7CF9E3-57CE-4CA8-963E-50FE3512A64F}.Debug|x86.Build.0 = Debug|Any CPU
		{0B7CF9E3-57CE-4CA8-963E-50FE3512A64F}.Release|Any CPU.ActiveCfg = Release|Any CPU
		{0B7CF9E3-57CE-4CA8-963E-50FE3512A64F}.Release|Any CPU.Build.0 = Release|Any CPU
		{0B7CF9E3-57CE-4CA8-963E-50FE3512A64F}.Release|x64.ActiveCfg = Release|Any CPU
		{0B7CF9E3-57CE-4CA8-963E-50FE3512A64F}.Release|x64.Build.0 = Release|Any CPU
		{0B7CF9E3-57CE-4CA8-963E-50FE3512A64F}.Release|x86.ActiveCfg = Release|Any CPU
		{0B7CF9E3-57CE-4CA8-963E-50FE3512A64F}.Release|x86.Build.0 = Release|Any CPU
	EndGlobalSection
	GlobalSection(SolutionProperties) = preSolution
		HideSolutionNode = FALSE
	EndGlobalSection
	GlobalSection(NestedProjects) = preSolution
		{ACCA22D4-543E-41FC-892D-D3BC1554F29F} = {C66E0C71-BA9C-4906-AA96-E55DD302313A}
		{7185E0FE-4618-4401-94EB-225C11FB001E} = {C66E0C71-BA9C-4906-AA96-E55DD302313A}
		{217FB7D6-EA9C-4472-98D1-65C4F0A7C634} = {C66E0C71-BA9C-4906-AA96-E55DD302313A}
		{77F0C21E-24A3-4C89-920A-3A0F230990C0} = {217FB7D6-EA9C-4472-98D1-65C4F0A7C634}
		{730FAEE5-2824-46AF-B3FC-55064440C951} = {7185E0FE-4618-4401-94EB-225C11FB001E}
		{A4CDE309-39A5-424A-B96D-C7CA8363C54D} = {7185E0FE-4618-4401-94EB-225C11FB001E}
		{2E505DBA-CA84-4EDC-B66F-B2E7AFC2B0D1} = {ACCA22D4-543E-41FC-892D-D3BC1554F29F}
		{8AB69D95-B11C-43DD-A27A-9DD7CDBA06DD} = {ACCA22D4-543E-41FC-892D-D3BC1554F29F}
		{E66B88C5-2D92-479F-B719-0B3631F8C7DA} = {ACCA22D4-543E-41FC-892D-D3BC1554F29F}
		{0B7CF9E3-57CE-4CA8-963E-50FE3512A64F} = {7185E0FE-4618-4401-94EB-225C11FB001E}
	EndGlobalSection
	GlobalSection(ExtensibilityGlobals) = postSolution
		SolutionGuid = {C7E9329B-84FE-436E-8A44-26D8176C5C6F}
	EndGlobalSection
EndGlobal
