
Microsoft Visual Studio Solution File, Format Version 12.00
# Visual Studio Version 17
VisualStudioVersion = 17.6.33717.318
MinimumVisualStudioVersion = 10.0.40219.1
Project("{6EC3EE1D-3C4E-46DD-8F32-0CC8E7565705}") = "NBomber", "src\NBomber\NBomber.fsproj", "{52208047-4228-4289-B5AE-D1FC57898DE6}"
EndProject
Project("{6EC3EE1D-3C4E-46DD-8F32-0CC8E7565705}") = "NBomber.IntegrationTests", "tests\NBomber.IntegrationTests\NBomber.IntegrationTests.fsproj", "{1CD9AA0E-5EF7-45E9-8987-4A6279DC2693}"
EndProject
Project("{2150E333-8FDC-42A3-9474-1A3956D46DE8}") = "examples", "examples", "{10398A75-959D-4271-913A-BE99E4ED5744}"
EndProject
Project("{9A19103F-16F7-4668-BE54-9A1E7A4F7556}") = "CSharpDev", "examples\CSharpDev\CSharpDev.csproj", "{EF73804A-06F8-4E67-AEB5-F85F44AFC51A}"
EndProject
Project("{9A19103F-16F7-4668-BE54-9A1E7A4F7556}") = "CSharpProd", "examples\CSharpProd\CSharpProd.csproj", "{657861BD-19DA-4B93-937D-88B5C25E6D87}"
EndProject
Project("{9A19103F-16F7-4668-BE54-9A1E7A4F7556}") = "xUnitExample", "examples\xUnitExample\xUnitExample.csproj", "{062DD1FF-B466-4F40-BE1F-8D85EA3BDB6A}"
EndProject
Project("{9A19103F-16F7-4668-BE54-9A1E7A4F7556}") = "WebAppSimulator", "examples\WebAppSimulator\WebAppSimulator.csproj", "{37D936ED-619C-47F8-95BD-63B966590A15}"
EndProject
Project("{FAE04EC0-301F-11D3-BF4B-00C04F79EFBC}") = "BookstoreSimulator", "BookstoreSimulator\BookstoreSimulator.csproj", "{3FA24DBD-9F56-4CE6-B460-37533AE34D5F}"
EndProject
Global
	GlobalSection(SolutionConfigurationPlatforms) = preSolution
		Debug|Any CPU = Debug|Any CPU
		Debug|x64 = Debug|x64
		Debug|x86 = Debug|x86
		Release|Any CPU = Release|Any CPU
		Release|x64 = Release|x64
		Release|x86 = Release|x86
	EndGlobalSection
	GlobalSection(ProjectConfigurationPlatforms) = postSolution
		{52208047-4228-4289-B5AE-D1FC57898DE6}.Debug|Any CPU.ActiveCfg = Debug|Any CPU
		{52208047-4228-4289-B5AE-D1FC57898DE6}.Debug|Any CPU.Build.0 = Debug|Any CPU
		{52208047-4228-4289-B5AE-D1FC57898DE6}.Debug|x64.ActiveCfg = Debug|Any CPU
		{52208047-4228-4289-B5AE-D1FC57898DE6}.Debug|x64.Build.0 = Debug|Any CPU
		{52208047-4228-4289-B5AE-D1FC57898DE6}.Debug|x86.ActiveCfg = Debug|Any CPU
		{52208047-4228-4289-B5AE-D1FC57898DE6}.Debug|x86.Build.0 = Debug|Any CPU
		{52208047-4228-4289-B5AE-D1FC57898DE6}.Release|Any CPU.ActiveCfg = Release|Any CPU
		{52208047-4228-4289-B5AE-D1FC57898DE6}.Release|Any CPU.Build.0 = Release|Any CPU
		{52208047-4228-4289-B5AE-D1FC57898DE6}.Release|x64.ActiveCfg = Release|Any CPU
		{52208047-4228-4289-B5AE-D1FC57898DE6}.Release|x64.Build.0 = Release|Any CPU
		{52208047-4228-4289-B5AE-D1FC57898DE6}.Release|x86.ActiveCfg = Release|Any CPU
		{52208047-4228-4289-B5AE-D1FC57898DE6}.Release|x86.Build.0 = Release|Any CPU
		{1CD9AA0E-5EF7-45E9-8987-4A6279DC2693}.Debug|Any CPU.ActiveCfg = Debug|Any CPU
		{1CD9AA0E-5EF7-45E9-8987-4A6279DC2693}.Debug|Any CPU.Build.0 = Debug|Any CPU
		{1CD9AA0E-5EF7-45E9-8987-4A6279DC2693}.Debug|x64.ActiveCfg = Debug|Any CPU
		{1CD9AA0E-5EF7-45E9-8987-4A6279DC2693}.Debug|x64.Build.0 = Debug|Any CPU
		{1CD9AA0E-5EF7-45E9-8987-4A6279DC2693}.Debug|x86.ActiveCfg = Debug|Any CPU
		{1CD9AA0E-5EF7-45E9-8987-4A6279DC2693}.Debug|x86.Build.0 = Debug|Any CPU
		{1CD9AA0E-5EF7-45E9-8987-4A6279DC2693}.Release|Any CPU.ActiveCfg = Release|Any CPU
		{1CD9AA0E-5EF7-45E9-8987-4A6279DC2693}.Release|Any CPU.Build.0 = Release|Any CPU
		{1CD9AA0E-5EF7-45E9-8987-4A6279DC2693}.Release|x64.ActiveCfg = Release|Any CPU
		{1CD9AA0E-5EF7-45E9-8987-4A6279DC2693}.Release|x64.Build.0 = Release|Any CPU
		{1CD9AA0E-5EF7-45E9-8987-4A6279DC2693}.Release|x86.ActiveCfg = Release|Any CPU
		{1CD9AA0E-5EF7-45E9-8987-4A6279DC2693}.Release|x86.Build.0 = Release|Any CPU
		{EF73804A-06F8-4E67-AEB5-F85F44AFC51A}.Debug|Any CPU.ActiveCfg = Debug|Any CPU
		{EF73804A-06F8-4E67-AEB5-F85F44AFC51A}.Debug|Any CPU.Build.0 = Debug|Any CPU
		{EF73804A-06F8-4E67-AEB5-F85F44AFC51A}.Debug|x64.ActiveCfg = Debug|Any CPU
		{EF73804A-06F8-4E67-AEB5-F85F44AFC51A}.Debug|x64.Build.0 = Debug|Any CPU
		{EF73804A-06F8-4E67-AEB5-F85F44AFC51A}.Debug|x86.ActiveCfg = Debug|Any CPU
		{EF73804A-06F8-4E67-AEB5-F85F44AFC51A}.Debug|x86.Build.0 = Debug|Any CPU
		{EF73804A-06F8-4E67-AEB5-F85F44AFC51A}.Release|Any CPU.ActiveCfg = Release|Any CPU
		{EF73804A-06F8-4E67-AEB5-F85F44AFC51A}.Release|Any CPU.Build.0 = Release|Any CPU
		{EF73804A-06F8-4E67-AEB5-F85F44AFC51A}.Release|x64.ActiveCfg = Release|Any CPU
		{EF73804A-06F8-4E67-AEB5-F85F44AFC51A}.Release|x64.Build.0 = Release|Any CPU
		{EF73804A-06F8-4E67-AEB5-F85F44AFC51A}.Release|x86.ActiveCfg = Release|Any CPU
		{EF73804A-06F8-4E67-AEB5-F85F44AFC51A}.Release|x86.Build.0 = Release|Any CPU
		{657861BD-19DA-4B93-937D-88B5C25E6D87}.Debug|Any CPU.ActiveCfg = Debug|Any CPU
		{657861BD-19DA-4B93-937D-88B5C25E6D87}.Debug|Any CPU.Build.0 = Debug|Any CPU
		{657861BD-19DA-4B93-937D-88B5C25E6D87}.Debug|x64.ActiveCfg = Debug|Any CPU
		{657861BD-19DA-4B93-937D-88B5C25E6D87}.Debug|x64.Build.0 = Debug|Any CPU
		{657861BD-19DA-4B93-937D-88B5C25E6D87}.Debug|x86.ActiveCfg = Debug|Any CPU
		{657861BD-19DA-4B93-937D-88B5C25E6D87}.Debug|x86.Build.0 = Debug|Any CPU
		{657861BD-19DA-4B93-937D-88B5C25E6D87}.Release|Any CPU.ActiveCfg = Release|Any CPU
		{657861BD-19DA-4B93-937D-88B5C25E6D87}.Release|Any CPU.Build.0 = Release|Any CPU
		{657861BD-19DA-4B93-937D-88B5C25E6D87}.Release|x64.ActiveCfg = Release|Any CPU
		{657861BD-19DA-4B93-937D-88B5C25E6D87}.Release|x64.Build.0 = Release|Any CPU
		{657861BD-19DA-4B93-937D-88B5C25E6D87}.Release|x86.ActiveCfg = Release|Any CPU
		{657861BD-19DA-4B93-937D-88B5C25E6D87}.Release|x86.Build.0 = Release|Any CPU
		{062DD1FF-B466-4F40-BE1F-8D85EA3BDB6A}.Debug|Any CPU.ActiveCfg = Debug|Any CPU
		{062DD1FF-B466-4F40-BE1F-8D85EA3BDB6A}.Debug|Any CPU.Build.0 = Debug|Any CPU
		{062DD1FF-B466-4F40-BE1F-8D85EA3BDB6A}.Debug|x64.ActiveCfg = Debug|Any CPU
		{062DD1FF-B466-4F40-BE1F-8D85EA3BDB6A}.Debug|x64.Build.0 = Debug|Any CPU
		{062DD1FF-B466-4F40-BE1F-8D85EA3BDB6A}.Debug|x86.ActiveCfg = Debug|Any CPU
		{062DD1FF-B466-4F40-BE1F-8D85EA3BDB6A}.Debug|x86.Build.0 = Debug|Any CPU
		{062DD1FF-B466-4F40-BE1F-8D85EA3BDB6A}.Release|Any CPU.ActiveCfg = Release|Any CPU
		{062DD1FF-B466-4F40-BE1F-8D85EA3BDB6A}.Release|Any CPU.Build.0 = Release|Any CPU
		{062DD1FF-B466-4F40-BE1F-8D85EA3BDB6A}.Release|x64.ActiveCfg = Release|Any CPU
		{062DD1FF-B466-4F40-BE1F-8D85EA3BDB6A}.Release|x64.Build.0 = Release|Any CPU
		{062DD1FF-B466-4F40-BE1F-8D85EA3BDB6A}.Release|x86.ActiveCfg = Release|Any CPU
		{062DD1FF-B466-4F40-BE1F-8D85EA3BDB6A}.Release|x86.Build.0 = Release|Any CPU
		{37D936ED-619C-47F8-95BD-63B966590A15}.Debug|Any CPU.ActiveCfg = Debug|Any CPU
		{37D936ED-619C-47F8-95BD-63B966590A15}.Debug|Any CPU.Build.0 = Debug|Any CPU
		{37D936ED-619C-47F8-95BD-63B966590A15}.Debug|x64.ActiveCfg = Debug|Any CPU
		{37D936ED-619C-47F8-95BD-63B966590A15}.Debug|x64.Build.0 = Debug|Any CPU
		{37D936ED-619C-47F8-95BD-63B966590A15}.Debug|x86.ActiveCfg = Debug|Any CPU
		{37D936ED-619C-47F8-95BD-63B966590A15}.Debug|x86.Build.0 = Debug|Any CPU
		{37D936ED-619C-47F8-95BD-63B966590A15}.Release|Any CPU.ActiveCfg = Release|Any CPU
		{37D936ED-619C-47F8-95BD-63B966590A15}.Release|Any CPU.Build.0 = Release|Any CPU
		{37D936ED-619C-47F8-95BD-63B966590A15}.Release|x64.ActiveCfg = Release|Any CPU
		{37D936ED-619C-47F8-95BD-63B966590A15}.Release|x64.Build.0 = Release|Any CPU
		{37D936ED-619C-47F8-95BD-63B966590A15}.Release|x86.ActiveCfg = Release|Any CPU
		{37D936ED-619C-47F8-95BD-63B966590A15}.Release|x86.Build.0 = Release|Any CPU
		{3FA24DBD-9F56-4CE6-B460-37533AE34D5F}.Debug|Any CPU.ActiveCfg = Debug|Any CPU
		{3FA24DBD-9F56-4CE6-B460-37533AE34D5F}.Debug|Any CPU.Build.0 = Debug|Any CPU
		{3FA24DBD-9F56-4CE6-B460-37533AE34D5F}.Debug|x64.ActiveCfg = Debug|Any CPU
		{3FA24DBD-9F56-4CE6-B460-37533AE34D5F}.Debug|x64.Build.0 = Debug|Any CPU
		{3FA24DBD-9F56-4CE6-B460-37533AE34D5F}.Debug|x86.ActiveCfg = Debug|Any CPU
		{3FA24DBD-9F56-4CE6-B460-37533AE34D5F}.Debug|x86.Build.0 = Debug|Any CPU
		{3FA24DBD-9F56-4CE6-B460-37533AE34D5F}.Release|Any CPU.ActiveCfg = Release|Any CPU
		{3FA24DBD-9F56-4CE6-B460-37533AE34D5F}.Release|Any CPU.Build.0 = Release|Any CPU
		{3FA24DBD-9F56-4CE6-B460-37533AE34D5F}.Release|x64.ActiveCfg = Release|Any CPU
		{3FA24DBD-9F56-4CE6-B460-37533AE34D5F}.Release|x64.Build.0 = Release|Any CPU
		{3FA24DBD-9F56-4CE6-B460-37533AE34D5F}.Release|x86.ActiveCfg = Release|Any CPU
		{3FA24DBD-9F56-4CE6-B460-37533AE34D5F}.Release|x86.Build.0 = Release|Any CPU
	EndGlobalSection
	GlobalSection(SolutionProperties) = preSolution
		HideSolutionNode = FALSE
	EndGlobalSection
	GlobalSection(NestedProjects) = preSolution
		{EF73804A-06F8-4E67-AEB5-F85F44AFC51A} = {10398A75-959D-4271-913A-BE99E4ED5744}
		{657861BD-19DA-4B93-937D-88B5C25E6D87} = {10398A75-959D-4271-913A-BE99E4ED5744}
		{062DD1FF-B466-4F40-BE1F-8D85EA3BDB6A} = {10398A75-959D-4271-913A-BE99E4ED5744}
		{37D936ED-619C-47F8-95BD-63B966590A15} = {10398A75-959D-4271-913A-BE99E4ED5744}
		{3FA24DBD-9F56-4CE6-B460-37533AE34D5F} = {10398A75-959D-4271-913A-BE99E4ED5744}
	EndGlobalSection
	GlobalSection(ExtensibilityGlobals) = postSolution
		SolutionGuid = {C7E9329B-84FE-436E-8A44-26D8176C5C6F}
	EndGlobalSection
EndGlobal
